
Microsoft Visual Studio Solution File, Format Version 12.00
# Visual Studio 14
VisualStudioVersion = 14.0.25420.1
MinimumVisualStudioVersion = 10.0.40219.1
Project("{FAE04EC0-301F-11D3-BF4B-00C04F79EFBC}") = "01.Avatar", "01.Avatar\01.Avatar.csproj", "{2005F5F8-4E50-4894-82F8-BDB9960DA2B9}"
EndProject
Project("{FAE04EC0-301F-11D3-BF4B-00C04F79EFBC}") = "02.Need-For-Speed", "02.Need-For-Speed\02.Need-For-Speed.csproj", "{35C71FC8-47B7-4250-886F-A838DFB303E4}"
EndProject
Global
	GlobalSection(SolutionConfigurationPlatforms) = preSolution
		Debug|Any CPU = Debug|Any CPU
		Release|Any CPU = Release|Any CPU
	EndGlobalSection
	GlobalSection(ProjectConfigurationPlatforms) = postSolution
		{2005F5F8-4E50-4894-82F8-BDB9960DA2B9}.Debug|Any CPU.ActiveCfg = Debug|Any CPU
		{2005F5F8-4E50-4894-82F8-BDB9960DA2B9}.Debug|Any CPU.Build.0 = Debug|Any CPU
		{2005F5F8-4E50-4894-82F8-BDB9960DA2B9}.Release|Any CPU.ActiveCfg = Release|Any CPU
		{2005F5F8-4E50-4894-82F8-BDB9960DA2B9}.Release|Any CPU.Build.0 = Release|Any CPU
		{35C71FC8-47B7-4250-886F-A838DFB303E4}.Debug|Any CPU.ActiveCfg = Debug|Any CPU
		{35C71FC8-47B7-4250-886F-A838DFB303E4}.Debug|Any CPU.Build.0 = Debug|Any CPU
		{35C71FC8-47B7-4250-886F-A838DFB303E4}.Release|Any CPU.ActiveCfg = Release|Any CPU
		{35C71FC8-47B7-4250-886F-A838DFB303E4}.Release|Any CPU.Build.0 = Release|Any CPU
	EndGlobalSection
	GlobalSection(SolutionProperties) = preSolution
		HideSolutionNode = FALSE
	EndGlobalSection
EndGlobal
